# THIS IS AN AUTOGENERATED FILE. DO NOT EDIT THIS FILE DIRECTLY.
# yarn lockfile v1


"@linclark/pkg@*":
  version "1.0.3"
  resolved "https://registry.yarnpkg.com/@linclark/pkg/-/pkg-1.0.3.tgz#10522cbf65290707c61cb5d66ad18221c8a40db8"
  integrity sha512-hnFdNMk1J1EPu21G7hGnYuHUh7xeql7axQtwrDHLLo+89Skx7EQRyK4JVro4AZHMz8Z7b9ouwPorgjWh4XlXjA==

first-package@^1.0.0:
  version "1.0.0"
  resolved "https://registry.yarnpkg.com/first-package/-/first-package-1.0.0.tgz#dd3fe4190919069117707c76b0485dda0d427aac"
  integrity sha512-Y1qaw9Mu6iHC1kqRU8dvWhyHQ+qTZYrLwlTwa9SpEDDR3bmPJUamRN1uCvGwwNmq9kCf5qyFooSpm1R4W9M8ZQ==
  dependencies:
    "@linclark/pkg" "*"
